
Microsoft Visual Studio Solution File, Format Version 12.00
# Visual Studio Version 17
VisualStudioVersion = 17.10.35027.167
MinimumVisualStudioVersion = 10.0.40219.1
Project("{FAE04EC0-301F-11D3-BF4B-00C04F79EFBC}") = "WpfApp1", "WpfApp1\WpfApp1.csproj", "{A5321310-D1D3-45D9-8F24-D4F427ABF52C}"
EndProject
Project("{FAE04EC0-301F-11D3-BF4B-00C04F79EFBC}") = "demo", "demo\demo.csproj", "{6F6CFFF4-7FC8-4DC6-9FF3-67A68D614EFF}"
EndProject
Global
	GlobalSection(SolutionConfigurationPlatforms) = preSolution
		Debug|Any CPU = Debug|Any CPU
		Release|Any CPU = Release|Any CPU
	EndGlobalSection
	GlobalSection(ProjectConfigurationPlatforms) = postSolution
		{A5321310-D1D3-45D9-8F24-D4F427ABF52C}.Debug|Any CPU.ActiveCfg = Debug|Any CPU
		{A5321310-D1D3-45D9-8F24-D4F427ABF52C}.Debug|Any CPU.Build.0 = Debug|Any CPU
		{A5321310-D1D3-45D9-8F24-D4F427ABF52C}.Release|Any CPU.ActiveCfg = Release|Any CPU
		{A5321310-D1D3-45D9-8F24-D4F427ABF52C}.Release|Any CPU.Build.0 = Release|Any CPU
		{6F6CFFF4-7FC8-4DC6-9FF3-67A68D614EFF}.Debug|Any CPU.ActiveCfg = Debug|Any CPU
		{6F6CFFF4-7FC8-4DC6-9FF3-67A68D614EFF}.Debug|Any CPU.Build.0 = Debug|Any CPU
		{6F6CFFF4-7FC8-4DC6-9FF3-67A68D614EFF}.Release|Any CPU.ActiveCfg = Release|Any CPU
		{6F6CFFF4-7FC8-4DC6-9FF3-67A68D614EFF}.Release|Any CPU.Build.0 = Release|Any CPU
	EndGlobalSection
	GlobalSection(SolutionProperties) = preSolution
		HideSolutionNode = FALSE
	EndGlobalSection
	GlobalSection(ExtensibilityGlobals) = postSolution
		SolutionGuid = {4BE0F7AF-76E8-4634-90A9-BE860B98556E}
	EndGlobalSection
EndGlobal
